
Microsoft Visual Studio Solution File, Format Version 12.00
# Visual Studio Version 17
VisualStudioVersion = 17.7.34202.233
MinimumVisualStudioVersion = 10.0.40219.1
Project("{FAE04EC0-301F-11D3-BF4B-00C04F79EFBC}") = "Racoti_Diana_Lab2", "Racoti_Diana_Lab2.csproj", "{7C0F5B76-F491-44C9-93E6-8118A32F1C01}"
EndProject
Global
	GlobalSection(SolutionConfigurationPlatforms) = preSolution
		Debug|Any CPU = Debug|Any CPU
		Release|Any CPU = Release|Any CPU
	EndGlobalSection
	GlobalSection(ProjectConfigurationPlatforms) = postSolution
		{7C0F5B76-F491-44C9-93E6-8118A32F1C01}.Debug|Any CPU.ActiveCfg = Debug|Any CPU
		{7C0F5B76-F491-44C9-93E6-8118A32F1C01}.Debug|Any CPU.Build.0 = Debug|Any CPU
		{7C0F5B76-F491-44C9-93E6-8118A32F1C01}.Release|Any CPU.ActiveCfg = Release|Any CPU
		{7C0F5B76-F491-44C9-93E6-8118A32F1C01}.Release|Any CPU.Build.0 = Release|Any CPU
	EndGlobalSection
	GlobalSection(SolutionProperties) = preSolution
		HideSolutionNode = FALSE
	EndGlobalSection
	GlobalSection(ExtensibilityGlobals) = postSolution
		SolutionGuid = {70EE2AB0-74CD-4AA7-9A85-C984D15FD69B}
	EndGlobalSection
EndGlobal
